
Microsoft Visual Studio Solution File, Format Version 12.00
Project("{2150E333-8FDC-42A3-9474-1A3956D46DE8}") = "Clients", "Clients", "{75A296FC-D663-45BC-A375-8C953B9AE4C4}"
EndProject
Project("{2150E333-8FDC-42A3-9474-1A3956D46DE8}") = "src", "src", "{6B832015-B2AB-4E46-9531-FAC8DF7C4B38}"
EndProject
Project("{2150E333-8FDC-42A3-9474-1A3956D46DE8}") = "tests", "tests", "{5C8FCBD3-6ED5-491F-84DA-89E565FED3A0}"
EndProject
Project("{2150E333-8FDC-42A3-9474-1A3956D46DE8}") = "docker", "docker", "{65BD4DC7-1DA2-4BA0-A4D4-9C352B331BF9}"
EndProject
Project("{2150E333-8FDC-42A3-9474-1A3956D46DE8}") = "tools", "tools", "{89CF6001-10F3-44AD-9CBC-E6568DD25425}"
EndProject
Project("{FAE04EC0-301F-11D3-BF4B-00C04F79EFBC}") = "LoQi.API", "LoQi.API\LoQi.API.csproj", "{437CDFAE-8F60-4418-9837-DF350471FF00}"
EndProject
Project("{FAE04EC0-301F-11D3-BF4B-00C04F79EFBC}") = "LoQi.Domain", "LoQi.Domain\LoQi.Domain.csproj", "{3A28889E-D18C-4133-B0B7-05AA429C652C}"
EndProject
Project("{FAE04EC0-301F-11D3-BF4B-00C04F79EFBC}") = "LoQi.Application", "LoQi.Application\LoQi.Application.csproj", "{604B2062-A3DA-4DD8-AB18-647324346D5C}"
EndProject
Project("{FAE04EC0-301F-11D3-BF4B-00C04F79EFBC}") = "LoQi.Infrastructure", "LoQi.Infrastructure\LoQi.Infrastructure.csproj", "{D60F9D81-99FA-4A2E-84DF-074599365E63}"
EndProject
Project("{FAE04EC0-301F-11D3-BF4B-00C04F79EFBC}") = "LoQi.Persistence", "LoQi.Persistence\LoQi.Persistence.csproj", "{AFE590D8-2633-4806-BB48-311B3E3C6CF9}"
EndProject
Global
	GlobalSection(SolutionConfigurationPlatforms) = preSolution
		Debug|Any CPU = Debug|Any CPU
		Release|Any CPU = Release|Any CPU
	EndGlobalSection
	GlobalSection(ProjectConfigurationPlatforms) = postSolution
		{437CDFAE-8F60-4418-9837-DF350471FF00}.Debug|Any CPU.ActiveCfg = Debug|Any CPU
		{437CDFAE-8F60-4418-9837-DF350471FF00}.Debug|Any CPU.Build.0 = Debug|Any CPU
		{437CDFAE-8F60-4418-9837-DF350471FF00}.Release|Any CPU.ActiveCfg = Release|Any CPU
		{437CDFAE-8F60-4418-9837-DF350471FF00}.Release|Any CPU.Build.0 = Release|Any CPU
		{3A28889E-D18C-4133-B0B7-05AA429C652C}.Debug|Any CPU.ActiveCfg = Debug|Any CPU
		{3A28889E-D18C-4133-B0B7-05AA429C652C}.Debug|Any CPU.Build.0 = Debug|Any CPU
		{3A28889E-D18C-4133-B0B7-05AA429C652C}.Release|Any CPU.ActiveCfg = Release|Any CPU
		{3A28889E-D18C-4133-B0B7-05AA429C652C}.Release|Any CPU.Build.0 = Release|Any CPU
		{604B2062-A3DA-4DD8-AB18-647324346D5C}.Debug|Any CPU.ActiveCfg = Debug|Any CPU
		{604B2062-A3DA-4DD8-AB18-647324346D5C}.Debug|Any CPU.Build.0 = Debug|Any CPU
		{604B2062-A3DA-4DD8-AB18-647324346D5C}.Release|Any CPU.ActiveCfg = Release|Any CPU
		{604B2062-A3DA-4DD8-AB18-647324346D5C}.Release|Any CPU.Build.0 = Release|Any CPU
		{D60F9D81-99FA-4A2E-84DF-074599365E63}.Debug|Any CPU.ActiveCfg = Debug|Any CPU
		{D60F9D81-99FA-4A2E-84DF-074599365E63}.Debug|Any CPU.Build.0 = Debug|Any CPU
		{D60F9D81-99FA-4A2E-84DF-074599365E63}.Release|Any CPU.ActiveCfg = Release|Any CPU
		{D60F9D81-99FA-4A2E-84DF-074599365E63}.Release|Any CPU.Build.0 = Release|Any CPU
		{AFE590D8-2633-4806-BB48-311B3E3C6CF9}.Debug|Any CPU.ActiveCfg = Debug|Any CPU
		{AFE590D8-2633-4806-BB48-311B3E3C6CF9}.Debug|Any CPU.Build.0 = Debug|Any CPU
		{AFE590D8-2633-4806-BB48-311B3E3C6CF9}.Release|Any CPU.ActiveCfg = Release|Any CPU
		{AFE590D8-2633-4806-BB48-311B3E3C6CF9}.Release|Any CPU.Build.0 = Release|Any CPU
	EndGlobalSection
	GlobalSection(NestedProjects) = preSolution
		{75A296FC-D663-45BC-A375-8C953B9AE4C4} = {6B832015-B2AB-4E46-9531-FAC8DF7C4B38}
		{437CDFAE-8F60-4418-9837-DF350471FF00} = {75A296FC-D663-45BC-A375-8C953B9AE4C4}
		{3A28889E-D18C-4133-B0B7-05AA429C652C} = {6B832015-B2AB-4E46-9531-FAC8DF7C4B38}
		{604B2062-A3DA-4DD8-AB18-647324346D5C} = {6B832015-B2AB-4E46-9531-FAC8DF7C4B38}
		{D60F9D81-99FA-4A2E-84DF-074599365E63} = {6B832015-B2AB-4E46-9531-FAC8DF7C4B38}
		{AFE590D8-2633-4806-BB48-311B3E3C6CF9} = {6B832015-B2AB-4E46-9531-FAC8DF7C4B38}
	EndGlobalSection
EndGlobal
